
Microsoft Visual Studio Solution File, Format Version 12.00
# Visual Studio Version 16
VisualStudioVersion = 25.0.1706.12
MinimumVisualStudioVersion = 10.0.40219.1
Project("{FAE04EC0-301F-11D3-BF4B-00C04F79EFBC}") = "BrokenIntellisense", "BrokenIntellisense\BrokenIntellisense.csproj", "{BE3A0630-E640-4DF5-BDEA-3DB704251E73}"
EndProject
Project("{FAE04EC0-301F-11D3-BF4B-00C04F79EFBC}") = "BrokenIntellisense.iOS", "BrokenIntellisense.iOS\BrokenIntellisense.iOS.csproj", "{95194681-7007-43CC-95E8-38E409DE9C73}"
EndProject
Project("{FAE04EC0-301F-11D3-BF4B-00C04F79EFBC}") = "BrokenIntellisense.Android", "BrokenIntellisense.Android\BrokenIntellisense.Android.csproj", "{A03B52A7-812B-446B-83EE-3FE1A7657583}"
EndProject
Global
	GlobalSection(SolutionConfigurationPlatforms) = preSolution
		Debug|iPhoneSimulator = Debug|iPhoneSimulator
		Release|iPhoneSimulator = Release|iPhoneSimulator
		Debug|iPhone = Debug|iPhone
		Release|iPhone = Release|iPhone
	EndGlobalSection
	GlobalSection(ProjectConfigurationPlatforms) = postSolution
		{BE3A0630-E640-4DF5-BDEA-3DB704251E73}.Debug|iPhoneSimulator.ActiveCfg = Debug|iPhoneSimulator
		{BE3A0630-E640-4DF5-BDEA-3DB704251E73}.Debug|iPhoneSimulator.Build.0 = Debug|iPhoneSimulator
		{BE3A0630-E640-4DF5-BDEA-3DB704251E73}.Release|iPhoneSimulator.ActiveCfg = Release|iPhoneSimulator
		{BE3A0630-E640-4DF5-BDEA-3DB704251E73}.Release|iPhoneSimulator.Build.0 = Release|iPhoneSimulator
		{BE3A0630-E640-4DF5-BDEA-3DB704251E73}.Debug|iPhone.ActiveCfg = Debug|iPhone
		{BE3A0630-E640-4DF5-BDEA-3DB704251E73}.Debug|iPhone.Build.0 = Debug|iPhone
		{BE3A0630-E640-4DF5-BDEA-3DB704251E73}.Release|iPhone.ActiveCfg = Release|iPhone
		{BE3A0630-E640-4DF5-BDEA-3DB704251E73}.Release|iPhone.Build.0 = Release|iPhone
		{95194681-7007-43CC-95E8-38E409DE9C73}.Debug|iPhoneSimulator.ActiveCfg = Debug|Any CPU
		{95194681-7007-43CC-95E8-38E409DE9C73}.Debug|iPhoneSimulator.Build.0 = Debug|Any CPU
		{95194681-7007-43CC-95E8-38E409DE9C73}.Release|iPhoneSimulator.ActiveCfg = Release|Any CPU
		{95194681-7007-43CC-95E8-38E409DE9C73}.Release|iPhoneSimulator.Build.0 = Release|Any CPU
		{95194681-7007-43CC-95E8-38E409DE9C73}.Debug|iPhone.ActiveCfg = Debug|Any CPU
		{95194681-7007-43CC-95E8-38E409DE9C73}.Debug|iPhone.Build.0 = Debug|Any CPU
		{95194681-7007-43CC-95E8-38E409DE9C73}.Release|iPhone.ActiveCfg = Release|Any CPU
		{95194681-7007-43CC-95E8-38E409DE9C73}.Release|iPhone.Build.0 = Release|Any CPU
		{A03B52A7-812B-446B-83EE-3FE1A7657583}.Debug|iPhoneSimulator.ActiveCfg = Debug|Any CPU
		{A03B52A7-812B-446B-83EE-3FE1A7657583}.Debug|iPhoneSimulator.Build.0 = Debug|Any CPU
		{A03B52A7-812B-446B-83EE-3FE1A7657583}.Release|iPhoneSimulator.ActiveCfg = Release|Any CPU
		{A03B52A7-812B-446B-83EE-3FE1A7657583}.Release|iPhoneSimulator.Build.0 = Release|Any CPU
		{A03B52A7-812B-446B-83EE-3FE1A7657583}.Debug|iPhone.ActiveCfg = Debug|Any CPU
		{A03B52A7-812B-446B-83EE-3FE1A7657583}.Debug|iPhone.Build.0 = Debug|Any CPU
		{A03B52A7-812B-446B-83EE-3FE1A7657583}.Release|iPhone.ActiveCfg = Release|Any CPU
		{A03B52A7-812B-446B-83EE-3FE1A7657583}.Release|iPhone.Build.0 = Release|Any CPU
	EndGlobalSection
	GlobalSection(SolutionProperties) = preSolution
		HideSolutionNode = FALSE
	EndGlobalSection
	GlobalSection(ExtensibilityGlobals) = postSolution
		SolutionGuid = {B3E30011-DCCD-457A-8568-AEDE15386148}
	EndGlobalSection
EndGlobal
